
Microsoft Visual Studio Solution File, Format Version 12.00
# Visual Studio Version 17
VisualStudioVersion = 17.3.32825.248
MinimumVisualStudioVersion = 10.0.40219.1
Project("{FAE04EC0-301F-11D3-BF4B-00C04F79EFBC}") = "GAMETRADER", "GAMETRADER\GAMETRADER.csproj", "{4C23FD0C-3166-4F18-A533-6DC080836079}"
EndProject
Global
	GlobalSection(SolutionConfigurationPlatforms) = preSolution
		Debug|Any CPU = Debug|Any CPU
		Release|Any CPU = Release|Any CPU
	EndGlobalSection
	GlobalSection(ProjectConfigurationPlatforms) = postSolution
		{4C23FD0C-3166-4F18-A533-6DC080836079}.Debug|Any CPU.ActiveCfg = Debug|Any CPU
		{4C23FD0C-3166-4F18-A533-6DC080836079}.Debug|Any CPU.Build.0 = Debug|Any CPU
		{4C23FD0C-3166-4F18-A533-6DC080836079}.Release|Any CPU.ActiveCfg = Release|Any CPU
		{4C23FD0C-3166-4F18-A533-6DC080836079}.Release|Any CPU.Build.0 = Release|Any CPU
	EndGlobalSection
	GlobalSection(SolutionProperties) = preSolution
		HideSolutionNode = FALSE
	EndGlobalSection
	GlobalSection(ExtensibilityGlobals) = postSolution
		SolutionGuid = {F75DBFF0-526A-4694-962E-E097E6BE00BB}
	EndGlobalSection
EndGlobal
